
Microsoft Visual Studio Solution File, Format Version 12.00
# Visual Studio 2013
VisualStudioVersion = 12.0.21005.1
MinimumVisualStudioVersion = 10.0.40219.1
Project("{8BC9CEB8-8B4A-11D0-8D11-00A0C91BC942}") = "ThapHaNoi", "ThapHaNoi\ThapHaNoi.vcxproj", "{C66835FA-7D84-4A02-AA5B-5AFBEB2F0AE9}"
EndProject
Project("{8BC9CEB8-8B4A-11D0-8D11-00A0C91BC942}") = "TimUCLN_Euclide", "TimUCLN_Euclide\TimUCLN_Euclide.vcxproj", "{CBAE682E-8536-43DE-A10A-6913D7995614}"
EndProject
Project("{8BC9CEB8-8B4A-11D0-8D11-00A0C91BC942}") = "XepHau", "XepHau\XepHau.vcxproj", "{3C5AB59D-3622-4A14-8509-4833B92CA3F1}"
EndProject
Global
	GlobalSection(SolutionConfigurationPlatforms) = preSolution
		Debug|Win32 = Debug|Win32
		Release|Win32 = Release|Win32
	EndGlobalSection
	GlobalSection(ProjectConfigurationPlatforms) = postSolution
		{C66835FA-7D84-4A02-AA5B-5AFBEB2F0AE9}.Debug|Win32.ActiveCfg = Debug|Win32
		{C66835FA-7D84-4A02-AA5B-5AFBEB2F0AE9}.Debug|Win32.Build.0 = Debug|Win32
		{C66835FA-7D84-4A02-AA5B-5AFBEB2F0AE9}.Release|Win32.ActiveCfg = Release|Win32
		{C66835FA-7D84-4A02-AA5B-5AFBEB2F0AE9}.Release|Win32.Build.0 = Release|Win32
		{CBAE682E-8536-43DE-A10A-6913D7995614}.Debug|Win32.ActiveCfg = Debug|Win32
		{CBAE682E-8536-43DE-A10A-6913D7995614}.Debug|Win32.Build.0 = Debug|Win32
		{CBAE682E-8536-43DE-A10A-6913D7995614}.Release|Win32.ActiveCfg = Release|Win32
		{CBAE682E-8536-43DE-A10A-6913D7995614}.Release|Win32.Build.0 = Release|Win32
		{3C5AB59D-3622-4A14-8509-4833B92CA3F1}.Debug|Win32.ActiveCfg = Debug|Win32
		{3C5AB59D-3622-4A14-8509-4833B92CA3F1}.Debug|Win32.Build.0 = Debug|Win32
		{3C5AB59D-3622-4A14-8509-4833B92CA3F1}.Release|Win32.ActiveCfg = Release|Win32
		{3C5AB59D-3622-4A14-8509-4833B92CA3F1}.Release|Win32.Build.0 = Release|Win32
	EndGlobalSection
	GlobalSection(SolutionProperties) = preSolution
		HideSolutionNode = FALSE
	EndGlobalSection
EndGlobal
